
Microsoft Visual Studio Solution File, Format Version 12.00
# Visual Studio Version 16
VisualStudioVersion = 16.0.29409.12
MinimumVisualStudioVersion = 10.0.40219.1
Project("{FAE04EC0-301F-11D3-BF4B-00C04F79EFBC}") = "webbooking", "webbooking\webbooking.csproj", "{2EDD47B7-9F58-4CAF-9917-0FC8F4017DAE}"
EndProject
Project("{9A19103F-16F7-4668-BE54-9A1E7A4F7556}") = "NoneScaled", "NoneScaled\NoneScaled.csproj", "{C2D8AC83-96CB-4264-B940-1D3B4039575B}"
EndProject
Project("{FAE04EC0-301F-11D3-BF4B-00C04F79EFBC}") = "GetFromDB", "GetWordFromDB\GetFromDB.csproj", "{601D8EF4-3B64-4CCA-A0F0-85B8037151EF}"
EndProject
Project("{FAE04EC0-301F-11D3-BF4B-00C04F79EFBC}") = "GetFromDBDapper", "GetFromDBDapper\GetFromDBDapper.csproj", "{5C9D6479-27F7-48DB-A89E-A752CEF953FD}"
EndProject
Global
	GlobalSection(SolutionConfigurationPlatforms) = preSolution
		Debug|Any CPU = Debug|Any CPU
		Release|Any CPU = Release|Any CPU
	EndGlobalSection
	GlobalSection(ProjectConfigurationPlatforms) = postSolution
		{2EDD47B7-9F58-4CAF-9917-0FC8F4017DAE}.Debug|Any CPU.ActiveCfg = Debug|Any CPU
		{2EDD47B7-9F58-4CAF-9917-0FC8F4017DAE}.Debug|Any CPU.Build.0 = Debug|Any CPU
		{2EDD47B7-9F58-4CAF-9917-0FC8F4017DAE}.Release|Any CPU.ActiveCfg = Release|Any CPU
		{2EDD47B7-9F58-4CAF-9917-0FC8F4017DAE}.Release|Any CPU.Build.0 = Release|Any CPU
		{C2D8AC83-96CB-4264-B940-1D3B4039575B}.Debug|Any CPU.ActiveCfg = Debug|Any CPU
		{C2D8AC83-96CB-4264-B940-1D3B4039575B}.Debug|Any CPU.Build.0 = Debug|Any CPU
		{C2D8AC83-96CB-4264-B940-1D3B4039575B}.Release|Any CPU.ActiveCfg = Release|Any CPU
		{C2D8AC83-96CB-4264-B940-1D3B4039575B}.Release|Any CPU.Build.0 = Release|Any CPU
		{601D8EF4-3B64-4CCA-A0F0-85B8037151EF}.Debug|Any CPU.ActiveCfg = Debug|Any CPU
		{601D8EF4-3B64-4CCA-A0F0-85B8037151EF}.Debug|Any CPU.Build.0 = Debug|Any CPU
		{601D8EF4-3B64-4CCA-A0F0-85B8037151EF}.Release|Any CPU.ActiveCfg = Release|Any CPU
		{601D8EF4-3B64-4CCA-A0F0-85B8037151EF}.Release|Any CPU.Build.0 = Release|Any CPU
		{5C9D6479-27F7-48DB-A89E-A752CEF953FD}.Debug|Any CPU.ActiveCfg = Debug|Any CPU
		{5C9D6479-27F7-48DB-A89E-A752CEF953FD}.Debug|Any CPU.Build.0 = Debug|Any CPU
		{5C9D6479-27F7-48DB-A89E-A752CEF953FD}.Release|Any CPU.ActiveCfg = Release|Any CPU
		{5C9D6479-27F7-48DB-A89E-A752CEF953FD}.Release|Any CPU.Build.0 = Release|Any CPU
	EndGlobalSection
	GlobalSection(SolutionProperties) = preSolution
		HideSolutionNode = FALSE
	EndGlobalSection
	GlobalSection(ExtensibilityGlobals) = postSolution
		SolutionGuid = {6B78788D-4943-465E-BBBA-3CC4C41A6A4B}
	EndGlobalSection
EndGlobal
